
Microsoft Visual Studio Solution File, Format Version 12.00
# Visual Studio 2012
Project("{FAE04EC0-301F-11D3-BF4B-00C04F79EFBC}") = "wbaab", "wbaab\wbaab.csproj", "{DE2E873E-90AA-4EB3-83F0-5E605BC3136F}"
EndProject
Global
	GlobalSection(SolutionConfigurationPlatforms) = preSolution
		Debug|Any CPU = Debug|Any CPU
		Release|Any CPU = Release|Any CPU
	EndGlobalSection
	GlobalSection(ProjectConfigurationPlatforms) = postSolution
		{DE2E873E-90AA-4EB3-83F0-5E605BC3136F}.Debug|Any CPU.ActiveCfg = Debug|Any CPU
		{DE2E873E-90AA-4EB3-83F0-5E605BC3136F}.Debug|Any CPU.Build.0 = Debug|Any CPU
		{DE2E873E-90AA-4EB3-83F0-5E605BC3136F}.Release|Any CPU.ActiveCfg = Release|Any CPU
		{DE2E873E-90AA-4EB3-83F0-5E605BC3136F}.Release|Any CPU.Build.0 = Release|Any CPU
	EndGlobalSection
	GlobalSection(SolutionProperties) = preSolution
		HideSolutionNode = FALSE
	EndGlobalSection
EndGlobal
